// !$*UTF8*$!
{
	archiveVersion = 1;
	classes = {
	};
	objectVersion = 50;
	objects = {

/* Begin PBXBuildFile section */
		D14BB38C22CCD79000EB33E6 /* AppDelegate.swift in Sources */ = {isa = PBXBuildFile; fileRef = D14BB38B22CCD79000EB33E6 /* AppDelegate.swift */; };
		D14BB38E22CCD79000EB33E6 /* ViewController.swift in Sources */ = {isa = PBXBuildFile; fileRef = D14BB38D22CCD79000EB33E6 /* ViewController.swift */; };
		D14BB39122CCD79000EB33E6 /* Main.storyboard in Resources */ = {isa = PBXBuildFile; fileRef = D14BB38F22CCD79000EB33E6 /* Main.storyboard */; };
		D14BB39322CCD79200EB33E6 /* Assets.xcassets in Resources */ = {isa = PBXBuildFile; fileRef = D14BB39222CCD79200EB33E6 /* Assets.xcassets */; };
		D14BB39622CCD79200EB33E6 /* LaunchScreen.storyboard in Resources */ = {isa = PBXBuildFile; fileRef = D14BB39422CCD79200EB33E6 /* LaunchScreen.storyboard */; };
		D14BB3A122CCD79200EB33E6 /* FridayTests.swift in Sources */ = {isa = PBXBuildFile; fileRef = D14BB3A022CCD79200EB33E6 /* FridayTests.swift */; };
		D14BB3AC22CCD79200EB33E6 /* FridayUITests.swift in Sources */ = {isa = PBXBuildFile; fileRef = D14BB3AB22CCD79200EB33E6 /* FridayUITests.swift */; };
		D14BB3C022CCD88100EB33E6 /* XMBaseNavigationController.swift in Sources */ = {isa = PBXBuildFile; fileRef = D14BB3BE22CCD88100EB33E6 /* XMBaseNavigationController.swift */; };
		D14BB3C122CCD88100EB33E6 /* XMBaseViewController.swift in Sources */ = {isa = PBXBuildFile; fileRef = D14BB3BF22CCD88100EB33E6 /* XMBaseViewController.swift */; };
		D14BB3C422CCD8B100EB33E6 /* XMHomeViewController.swift in Sources */ = {isa = PBXBuildFile; fileRef = D14BB3C322CCD8B100EB33E6 /* XMHomeViewController.swift */; };
/* End PBXBuildFile section */

/* Begin PBXContainerItemProxy section */
		D14BB39D22CCD79200EB33E6 /* PBXContainerItemProxy */ = {
			isa = PBXContainerItemProxy;
			containerPortal = D14BB38022CCD79000EB33E6 /* Project object */;
			proxyType = 1;
			remoteGlobalIDString = D14BB38722CCD79000EB33E6;
			remoteInfo = Friday;
		};
		D14BB3A822CCD79200EB33E6 /* PBXContainerItemProxy */ = {
			isa = PBXContainerItemProxy;
			containerPortal = D14BB38022CCD79000EB33E6 /* Project object */;
			proxyType = 1;
			remoteGlobalIDString = D14BB38722CCD79000EB33E6;
			remoteInfo = Friday;
		};
/* End PBXContainerItemProxy section */

/* Begin PBXFileReference section */
		D14BB38822CCD79000EB33E6 /* Friday.app */ = {isa = PBXFileReference; explicitFileType = wrapper.application; includeInIndex = 0; path = Friday.app; sourceTree = BUILT_PRODUCTS_DIR; };
		D14BB38B22CCD79000EB33E6 /* AppDelegate.swift */ = {isa = PBXFileReference; lastKnownFileType = sourcecode.swift; path = AppDelegate.swift; sourceTree = "<group>"; };
		D14BB38D22CCD79000EB33E6 /* ViewController.swift */ = {isa = PBXFileReference; lastKnownFileType = sourcecode.swift; path = ViewController.swift; sourceTree = "<group>"; };
		D14BB39022CCD79000EB33E6 /* Base */ = {isa = PBXFileReference; lastKnownFileType = file.storyboard; name = Base; path = Base.lproj/Main.storyboard; sourceTree = "<group>"; };
		D14BB39222CCD79200EB33E6 /* Assets.xcassets */ = {isa = PBXFileReference; lastKnownFileType = folder.assetcatalog; path = Assets.xcassets; sourceTree = "<group>"; };
		D14BB39522CCD79200EB33E6 /* Base */ = {isa = PBXFileReference; lastKnownFileType = file.storyboard; name = Base; path = Base.lproj/LaunchScreen.storyboard; sourceTree = "<group>"; };
		D14BB39722CCD79200EB33E6 /* Info.plist */ = {isa = PBXFileReference; lastKnownFileType = text.plist.xml; path = Info.plist; sourceTree = "<group>"; };
		D14BB39C22CCD79200EB33E6 /* FridayTests.xctest */ = {isa = PBXFileReference; explicitFileType = wrapper.cfbundle; includeInIndex = 0; path = FridayTests.xctest; sourceTree = BUILT_PRODUCTS_DIR; };
		D14BB3A022CCD79200EB33E6 /* FridayTests.swift */ = {isa = PBXFileReference; lastKnownFileType = sourcecode.swift; path = FridayTests.swift; sourceTree = "<group>"; };
		D14BB3A222CCD79200EB33E6 /* Info.plist */ = {isa = PBXFileReference; lastKnownFileType = text.plist.xml; path = Info.plist; sourceTree = "<group>"; };
		D14BB3A722CCD79200EB33E6 /* FridayUITests.xctest */ = {isa = PBXFileReference; explicitFileType = wrapper.cfbundle; includeInIndex = 0; path = FridayUITests.xctest; sourceTree = BUILT_PRODUCTS_DIR; };
		D14BB3AB22CCD79200EB33E6 /* FridayUITests.swift */ = {isa = PBXFileReference; lastKnownFileType = sourcecode.swift; path = FridayUITests.swift; sourceTree = "<group>"; };
		D14BB3AD22CCD79200EB33E6 /* Info.plist */ = {isa = PBXFileReference; lastKnownFileType = text.plist.xml; path = Info.plist; sourceTree = "<group>"; };
		D14BB3BE22CCD88100EB33E6 /* XMBaseNavigationController.swift */ = {isa = PBXFileReference; fileEncoding = 4; lastKnownFileType = sourcecode.swift; path = XMBaseNavigationController.swift; sourceTree = "<group>"; };
		D14BB3BF22CCD88100EB33E6 /* XMBaseViewController.swift */ = {isa = PBXFileReference; fileEncoding = 4; lastKnownFileType = sourcecode.swift; path = XMBaseViewController.swift; sourceTree = "<group>"; };
		D14BB3C322CCD8B100EB33E6 /* XMHomeViewController.swift */ = {isa = PBXFileReference; lastKnownFileType = sourcecode.swift; path = XMHomeViewController.swift; sourceTree = "<group>"; };
/* End PBXFileReference section */

/* Begin PBXFrameworksBuildPhase section */
		D14BB38522CCD79000EB33E6 /* Frameworks */ = {
			isa = PBXFrameworksBuildPhase;
			buildActionMask = 2147483647;
			files = (
			);
			runOnlyForDeploymentPostprocessing = 0;
		};
		D14BB39922CCD79200EB33E6 /* Frameworks */ = {
			isa = PBXFrameworksBuildPhase;
			buildActionMask = 2147483647;
			files = (
			);
			runOnlyForDeploymentPostprocessing = 0;
		};
		D14BB3A422CCD79200EB33E6 /* Frameworks */ = {
			isa = PBXFrameworksBuildPhase;
			buildActionMask = 2147483647;
			files = (
			);
			runOnlyForDeploymentPostprocessing = 0;
		};
/* End PBXFrameworksBuildPhase section */

/* Begin PBXGroup section */
		D14BB37F22CCD79000EB33E6 = {
			isa = PBXGroup;
			children = (
				D14BB38A22CCD79000EB33E6 /* Friday */,
				D14BB39F22CCD79200EB33E6 /* FridayTests */,
				D14BB3AA22CCD79200EB33E6 /* FridayUITests */,
				D14BB38922CCD79000EB33E6 /* Products */,
			);
			sourceTree = "<group>";
		};
		D14BB38922CCD79000EB33E6 /* Products */ = {
			isa = PBXGroup;
			children = (
				D14BB38822CCD79000EB33E6 /* Friday.app */,
				D14BB39C22CCD79200EB33E6 /* FridayTests.xctest */,
				D14BB3A722CCD79200EB33E6 /* FridayUITests.xctest */,
			);
			name = Products;
			sourceTree = "<group>";
		};
		D14BB38A22CCD79000EB33E6 /* Friday */ = {
			isa = PBXGroup;
			children = (
				D14BB38B22CCD79000EB33E6 /* AppDelegate.swift */,
				D14BB38D22CCD79000EB33E6 /* ViewController.swift */,
				D14BB3C222CCD88A00EB33E6 /* Business */,
				D14BB3BD22CCD88100EB33E6 /* Base */,
				D14BB38F22CCD79000EB33E6 /* Main.storyboard */,
				D14BB39222CCD79200EB33E6 /* Assets.xcassets */,
				D14BB39422CCD79200EB33E6 /* LaunchScreen.storyboard */,
				D14BB39722CCD79200EB33E6 /* Info.plist */,
			);
			path = Friday;
			sourceTree = "<group>";
		};
		D14BB39F22CCD79200EB33E6 /* FridayTests */ = {
			isa = PBXGroup;
			children = (
				D14BB3A022CCD79200EB33E6 /* FridayTests.swift */,
				D14BB3A222CCD79200EB33E6 /* Info.plist */,
			);
			path = FridayTests;
			sourceTree = "<group>";
		};
		D14BB3AA22CCD79200EB33E6 /* FridayUITests */ = {
			isa = PBXGroup;
			children = (
				D14BB3AB22CCD79200EB33E6 /* FridayUITests.swift */,
				D14BB3AD22CCD79200EB33E6 /* Info.plist */,
			);
			path = FridayUITests;
			sourceTree = "<group>";
		};
		D14BB3BD22CCD88100EB33E6 /* Base */ = {
			isa = PBXGroup;
			children = (
				D14BB3BE22CCD88100EB33E6 /* XMBaseNavigationController.swift */,
				D14BB3BF22CCD88100EB33E6 /* XMBaseViewController.swift */,
			);
			path = Base;
			sourceTree = "<group>";
		};
		D14BB3C222CCD88A00EB33E6 /* Business */ = {
			isa = PBXGroup;
			children = (
				D14BB3C322CCD8B100EB33E6 /* XMHomeViewController.swift */,
			);
			path = Business;
			sourceTree = "<group>";
		};
/* End PBXGroup section */

/* Begin PBXNativeTarget section */
		D14BB38722CCD79000EB33E6 /* Friday */ = {
			isa = PBXNativeTarget;
			buildConfigurationList = D14BB3B022CCD79200EB33E6 /* Build configuration list for PBXNativeTarget "Friday" */;
			buildPhases = (
				D14BB38422CCD79000EB33E6 /* Sources */,
				D14BB38522CCD79000EB33E6 /* Frameworks */,
				D14BB38622CCD79000EB33E6 /* Resources */,
			);
			buildRules = (
			);
			dependencies = (
			);
			name = Friday;
			productName = Friday;
			productReference = D14BB38822CCD79000EB33E6 /* Friday.app */;
			productType = "com.apple.product-type.application";
		};
		D14BB39B22CCD79200EB33E6 /* FridayTests */ = {
			isa = PBXNativeTarget;
			buildConfigurationList = D14BB3B322CCD79200EB33E6 /* Build configuration list for PBXNativeTarget "FridayTests" */;
			buildPhases = (
				D14BB39822CCD79200EB33E6 /* Sources */,
				D14BB39922CCD79200EB33E6 /* Frameworks */,
				D14BB39A22CCD79200EB33E6 /* Resources */,
			);
			buildRules = (
			);
			dependencies = (
				D14BB39E22CCD79200EB33E6 /* PBXTargetDependency */,
			);
			name = FridayTests;
			productName = FridayTests;
			productReference = D14BB39C22CCD79200EB33E6 /* FridayTests.xctest */;
			productType = "com.apple.product-type.bundle.unit-test";
		};
		D14BB3A622CCD79200EB33E6 /* FridayUITests */ = {
			isa = PBXNativeTarget;
			buildConfigurationList = D14BB3B622CCD79200EB33E6 /* Build configuration list for PBXNativeTarget "FridayUITests" */;
			buildPhases = (
				D14BB3A322CCD79200EB33E6 /* Sources */,
				D14BB3A422CCD79200EB33E6 /* Frameworks */,
				D14BB3A522CCD79200EB33E6 /* Resources */,
			);
			buildRules = (
			);
			dependencies = (
				D14BB3A922CCD79200EB33E6 /* PBXTargetDependency */,
			);
			name = FridayUITests;
			productName = FridayUITests;
			productReference = D14BB3A722CCD79200EB33E6 /* FridayUITests.xctest */;
			productType = "com.apple.product-type.bundle.ui-testing";
		};
/* End PBXNativeTarget section */

/* Begin PBXProject section */
		D14BB38022CCD79000EB33E6 /* Project object */ = {
			isa = PBXProject;
			attributes = {
				CLASSPREFIX = XM;
				LastSwiftUpdateCheck = 1020;
				LastUpgradeCheck = 1020;
				ORGANIZATIONNAME = xiaoma;
				TargetAttributes = {
					D14BB38722CCD79000EB33E6 = {
						CreatedOnToolsVersion = 10.2.1;
					};
					D14BB39B22CCD79200EB33E6 = {
						CreatedOnToolsVersion = 10.2.1;
						TestTargetID = D14BB38722CCD79000EB33E6;
					};
					D14BB3A622CCD79200EB33E6 = {
						CreatedOnToolsVersion = 10.2.1;
						TestTargetID = D14BB38722CCD79000EB33E6;
					};
				};
			};
			buildConfigurationList = D14BB38322CCD79000EB33E6 /* Build configuration list for PBXProject "Friday" */;
			compatibilityVersion = "Xcode 9.3";
			developmentRegion = en;
			hasScannedForEncodings = 0;
			knownRegions = (
				en,
				Base,
			);
			mainGroup = D14BB37F22CCD79000EB33E6;
			productRefGroup = D14BB38922CCD79000EB33E6 /* Products */;
			projectDirPath = "";
			projectRoot = "";
			targets = (
				D14BB38722CCD79000EB33E6 /* Friday */,
				D14BB39B22CCD79200EB33E6 /* FridayTests */,
				D14BB3A622CCD79200EB33E6 /* FridayUITests */,
			);
		};
/* End PBXProject section */

/* Begin PBXResourcesBuildPhase section */
		D14BB38622CCD79000EB33E6 /* Resources */ = {
			isa = PBXResourcesBuildPhase;
			buildActionMask = 2147483647;
			files = (
				D14BB39622CCD79200EB33E6 /* LaunchScreen.storyboard in Resources */,
				D14BB39322CCD79200EB33E6 /* Assets.xcassets in Resources */,
				D14BB39122CCD79000EB33E6 /* Main.storyboard in Resources */,
			);
			runOnlyForDeploymentPostprocessing = 0;
		};
		D14BB39A22CCD79200EB33E6 /* Resources */ = {
			isa = PBXResourcesBuildPhase;
			buildActionMask = 2147483647;
			files = (
			);
			runOnlyForDeploymentPostprocessing = 0;
		};
		D14BB3A522CCD79200EB33E6 /* Resources */ = {
			isa = PBXResourcesBuildPhase;
			buildActionMask = 2147483647;
			files = (
			);
			runOnlyForDeploymentPostprocessing = 0;
		};
/* End PBXResourcesBuildPhase section */

/* Begin PBXSourcesBuildPhase section */
		D14BB38422CCD79000EB33E6 /* Sources */ = {
			isa = PBXSourcesBuildPhase;
			buildActionMask = 2147483647;
			files = (
				D14BB3C122CCD88100EB33E6 /* XMBaseViewController.swift in Sources */,
				D14BB3C022CCD88100EB33E6 /* XMBaseNavigationController.swift in Sources */,
				D14BB3C422CCD8B100EB33E6 /* XMHomeViewController.swift in Sources */,
				D14BB38E22CCD79000EB33E6 /* ViewController.swift in Sources */,
				D14BB38C22CCD79000EB33E6 /* AppDelegate.swift in Sources */,
			);
			runOnlyForDeploymentPostprocessing = 0;
		};
		D14BB39822CCD79200EB33E6 /* Sources */ = {
			isa = PBXSourcesBuildPhase;
			buildActionMask = 2147483647;
			files = (
				D14BB3A122CCD79200EB33E6 /* FridayTests.swift in Sources */,
			);
			runOnlyForDeploymentPostprocessing = 0;
		};
		D14BB3A322CCD79200EB33E6 /* Sources */ = {
			isa = PBXSourcesBuildPhase;
			buildActionMask = 2147483647;
			files = (
				D14BB3AC22CCD79200EB33E6 /* FridayUITests.swift in Sources */,
			);
			runOnlyForDeploymentPostprocessing = 0;
		};
/* End PBXSourcesBuildPhase section */

/* Begin PBXTargetDependency section */
		D14BB39E22CCD79200EB33E6 /* PBXTargetDependency */ = {
			isa = PBXTargetDependency;
			target = D14BB38722CCD79000EB33E6 /* Friday */;
			targetProxy = D14BB39D22CCD79200EB33E6 /* PBXContainerItemProxy */;
		};
		D14BB3A922CCD79200EB33E6 /* PBXTargetDependency */ = {
			isa = PBXTargetDependency;
			target = D14BB38722CCD79000EB33E6 /* Friday */;
			targetProxy = D14BB3A822CCD79200EB33E6 /* PBXContainerItemProxy */;
		};
/* End PBXTargetDependency section */

/* Begin PBXVariantGroup section */
		D14BB38F22CCD79000EB33E6 /* Main.storyboard */ = {
			isa = PBXVariantGroup;
			children = (
				D14BB39022CCD79000EB33E6 /* Base */,
			);
			name = Main.storyboard;
			sourceTree = "<group>";
		};
		D14BB39422CCD79200EB33E6 /* LaunchScreen.storyboard */ = {
			isa = PBXVariantGroup;
			children = (
				D14BB39522CCD79200EB33E6 /* Base */,
			);
			name = LaunchScreen.storyboard;
			sourceTree = "<group>";
		};
/* End PBXVariantGroup section */

/* Begin XCBuildConfiguration section */
		D14BB3AE22CCD79200EB33E6 /* Debug */ = {
			isa = XCBuildConfiguration;
			buildSettings = {
				ALWAYS_SEARCH_USER_PATHS = NO;
				CLANG_ANALYZER_NONNULL = YES;
				CLANG_ANALYZER_NUMBER_OBJECT_CONVERSION = YES_AGGRESSIVE;
				CLANG_CXX_LANGUAGE_STANDARD = "gnu++14";
				CLANG_CXX_LIBRARY = "libc++";
				CLANG_ENABLE_MODULES = YES;
				CLANG_ENABLE_OBJC_ARC = YES;
				CLANG_ENABLE_OBJC_WEAK = YES;
				CLANG_WARN_BLOCK_CAPTURE_AUTORELEASING = YES;
				CLANG_WARN_BOOL_CONVERSION = YES;
				CLANG_WARN_COMMA = YES;
				CLANG_WARN_CONSTANT_CONVERSION = YES;
				CLANG_WARN_DEPRECATED_OBJC_IMPLEMENTATIONS = YES;
				CLANG_WARN_DIRECT_OBJC_ISA_USAGE = YES_ERROR;
				CLANG_WARN_DOCUMENTATION_COMMENTS = YES;
				CLANG_WARN_EMPTY_BODY = YES;
				CLANG_WARN_ENUM_CONVERSION = YES;
				CLANG_WARN_INFINITE_RECURSION = YES;
				CLANG_WARN_INT_CONVERSION = YES;
				CLANG_WARN_NON_LITERAL_NULL_CONVERSION = YES;
				CLANG_WARN_OBJC_IMPLICIT_RETAIN_SELF = YES;
				CLANG_WARN_OBJC_LITERAL_CONVERSION = YES;
				CLANG_WARN_OBJC_ROOT_CLASS = YES_ERROR;
				CLANG_WARN_RANGE_LOOP_ANALYSIS = YES;
				CLANG_WARN_STRICT_PROTOTYPES = YES;
				CLANG_WARN_SUSPICIOUS_MOVE = YES;
				CLANG_WARN_UNGUARDED_AVAILABILITY = YES_AGGRESSIVE;
				CLANG_WARN_UNREACHABLE_CODE = YES;
				CLANG_WARN__DUPLICATE_METHOD_MATCH = YES;
				CODE_SIGN_IDENTITY = "iPhone Developer";
				COPY_PHASE_STRIP = NO;
				DEBUG_INFORMATION_FORMAT = dwarf;
				ENABLE_STRICT_OBJC_MSGSEND = YES;
				ENABLE_TESTABILITY = YES;
				GCC_C_LANGUAGE_STANDARD = gnu11;
				GCC_DYNAMIC_NO_PIC = NO;
				GCC_NO_COMMON_BLOCKS = YES;
				GCC_OPTIMIZATION_LEVEL = 0;
				GCC_PREPROCESSOR_DEFINITIONS = (
					"DEBUG=1",
					"$(inherited)",
				);
				GCC_WARN_64_TO_32_BIT_CONVERSION = YES;
				GCC_WARN_ABOUT_RETURN_TYPE = YES_ERROR;
				GCC_WARN_UNDECLARED_SELECTOR = YES;
				GCC_WARN_UNINITIALIZED_AUTOS = YES_AGGRESSIVE;
				GCC_WARN_UNUSED_FUNCTION = YES;
				GCC_WARN_UNUSED_VARIABLE = YES;
				IPHONEOS_DEPLOYMENT_TARGET = 12.2;
				MTL_ENABLE_DEBUG_INFO = INCLUDE_SOURCE;
				MTL_FAST_MATH = YES;
				ONLY_ACTIVE_ARCH = YES;
				SDKROOT = iphoneos;
				SWIFT_ACTIVE_COMPILATION_CONDITIONS = DEBUG;
				SWIFT_OPTIMIZATION_LEVEL = "-Onone";
			};
			name = Debug;
		};
		D14BB3AF22CCD79200EB33E6 /* Release */ = {
			isa = XCBuildConfiguration;
			buildSettings = {
				ALWAYS_SEARCH_USER_PATHS = NO;
				CLANG_ANALYZER_NONNULL = YES;
				CLANG_ANALYZER_NUMBER_OBJECT_CONVERSION = YES_AGGRESSIVE;
				CLANG_CXX_LANGUAGE_STANDARD = "gnu++14";
				CLANG_CXX_LIBRARY = "libc++";
				CLANG_ENABLE_MODULES = YES;
				CLANG_ENABLE_OBJC_ARC = YES;
				CLANG_ENABLE_OBJC_WEAK = YES;
				CLANG_WARN_BLOCK_CAPTURE_AUTORELEASING = YES;
				CLANG_WARN_BOOL_CONVERSION = YES;
				CLANG_WARN_COMMA = YES;
				CLANG_WARN_CONSTANT_CONVERSION = YES;
				CLANG_WARN_DEPRECATED_OBJC_IMPLEMENTATIONS = YES;
				CLANG_WARN_DIRECT_OBJC_ISA_USAGE = YES_ERROR;
				CLANG_WARN_DOCUMENTATION_COMMENTS = YES;
				CLANG_WARN_EMPTY_BODY = YES;
				CLANG_WARN_ENUM_CONVERSION = YES;
				CLANG_WARN_INFINITE_RECURSION = YES;
				CLANG_WARN_INT_CONVERSION = YES;
				CLANG_WARN_NON_LITERAL_NULL_CONVERSION = YES;
				CLANG_WARN_OBJC_IMPLICIT_RETAIN_SELF = YES;
				CLANG_WARN_OBJC_LITERAL_CONVERSION = YES;
				CLANG_WARN_OBJC_ROOT_CLASS = YES_ERROR;
				CLANG_WARN_RANGE_LOOP_ANALYSIS = YES;
				CLANG_WARN_STRICT_PROTOTYPES = YES;
				CLANG_WARN_SUSPICIOUS_MOVE = YES;
				CLANG_WARN_UNGUARDED_AVAILABILITY = YES_AGGRESSIVE;
				CLANG_WARN_UNREACHABLE_CODE = YES;
				CLANG_WARN__DUPLICATE_METHOD_MATCH = YES;
				CODE_SIGN_IDENTITY = "iPhone Developer";
				COPY_PHASE_STRIP = NO;
				DEBUG_INFORMATION_FORMAT = "dwarf-with-dsym";
				ENABLE_NS_ASSERTIONS = NO;
				ENABLE_STRICT_OBJC_MSGSEND = YES;
				GCC_C_LANGUAGE_STANDARD = gnu11;
				GCC_NO_COMMON_BLOCKS = YES;
				GCC_WARN_64_TO_32_BIT_CONVERSION = YES;
				GCC_WARN_ABOUT_RETURN_TYPE = YES_ERROR;
				GCC_WARN_UNDECLARED_SELECTOR = YES;
				GCC_WARN_UNINITIALIZED_AUTOS = YES_AGGRESSIVE;
				GCC_WARN_UNUSED_FUNCTION = YES;
				GCC_WARN_UNUSED_VARIABLE = YES;
				IPHONEOS_DEPLOYMENT_TARGET = 12.2;
				MTL_ENABLE_DEBUG_INFO = NO;
				MTL_FAST_MATH = YES;
				SDKROOT = iphoneos;
				SWIFT_COMPILATION_MODE = wholemodule;
				SWIFT_OPTIMIZATION_LEVEL = "-O";
				VALIDATE_PRODUCT = YES;
			};
			name = Release;
		};
		D14BB3B122CCD79200EB33E6 /* Debug */ = {
			isa = XCBuildConfiguration;
			buildSettings = {
				ASSETCATALOG_COMPILER_APPICON_NAME = AppIcon;
				CODE_SIGN_STYLE = Automatic;
				INFOPLIST_FILE = Friday/Info.plist;
				LD_RUNPATH_SEARCH_PATHS = (
					"$(inherited)",
					"@executable_path/Frameworks",
				);
				PRODUCT_BUNDLE_IDENTIFIER = com.xiaoma.Friday;
				PRODUCT_NAME = "$(TARGET_NAME)";
				SWIFT_VERSION = 5.0;
				TARGETED_DEVICE_FAMILY = "1,2";
			};
			name = Debug;
		};
		D14BB3B222CCD79200EB33E6 /* Release */ = {
			isa = XCBuildConfiguration;
			buildSettings = {
				ASSETCATALOG_COMPILER_APPICON_NAME = AppIcon;
				CODE_SIGN_STYLE = Automatic;
				INFOPLIST_FILE = Friday/Info.plist;
				LD_RUNPATH_SEARCH_PATHS = (
					"$(inherited)",
					"@executable_path/Frameworks",
				);
				PRODUCT_BUNDLE_IDENTIFIER = com.xiaoma.Friday;
				PRODUCT_NAME = "$(TARGET_NAME)";
				SWIFT_VERSION = 5.0;
				TARGETED_DEVICE_FAMILY = "1,2";
			};
			name = Release;
		};
		D14BB3B422CCD79200EB33E6 /* Debug */ = {
			isa = XCBuildConfiguration;
			buildSettings = {
				ALWAYS_EMBED_SWIFT_STANDARD_LIBRARIES = YES;
				BUNDLE_LOADER = "$(TEST_HOST)";
				CODE_SIGN_STYLE = Automatic;
				INFOPLIST_FILE = FridayTests/Info.plist;
				LD_RUNPATH_SEARCH_PATHS = (
					"$(inherited)",
					"@executable_path/Frameworks",
					"@loader_path/Frameworks",
				);
				PRODUCT_BUNDLE_IDENTIFIER = com.xiaoma.FridayTests;
				PRODUCT_NAME = "$(TARGET_NAME)";
				SWIFT_VERSION = 5.0;
				TARGETED_DEVICE_FAMILY = "1,2";
				TEST_HOST = "$(BUILT_PRODUCTS_DIR)/Friday.app/Friday";
			};
			name = Debug;
		};
		D14BB3B522CCD79200EB33E6 /* Release */ = {
			isa = XCBuildConfiguration;
			buildSettings = {
				ALWAYS_EMBED_SWIFT_STANDARD_LIBRARIES = YES;
				BUNDLE_LOADER = "$(TEST_HOST)";
				CODE_SIGN_STYLE = Automatic;
				INFOPLIST_FILE = FridayTests/Info.plist;
				LD_RUNPATH_SEARCH_PATHS = (
					"$(inherited)",
					"@executable_path/Frameworks",
					"@loader_path/Frameworks",
				);
				PRODUCT_BUNDLE_IDENTIFIER = com.xiaoma.FridayTests;
				PRODUCT_NAME = "$(TARGET_NAME)";
				SWIFT_VERSION = 5.0;
				TARGETED_DEVICE_FAMILY = "1,2";
				TEST_HOST = "$(BUILT_PRODUCTS_DIR)/Friday.app/Friday";
			};
			name = Release;
		};
		D14BB3B722CCD79200EB33E6 /* Debug */ = {
			isa = XCBuildConfiguration;
			buildSettings = {
				ALWAYS_EMBED_SWIFT_STANDARD_LIBRARIES = YES;
				CODE_SIGN_STYLE = Automatic;
				INFOPLIST_FILE = FridayUITests/Info.plist;
				LD_RUNPATH_SEARCH_PATHS = (
					"$(inherited)",
					"@executable_path/Frameworks",
					"@loader_path/Frameworks",
				);
				PRODUCT_BUNDLE_IDENTIFIER = com.xiaoma.FridayUITests;
				PRODUCT_NAME = "$(TARGET_NAME)";
				SWIFT_VERSION = 5.0;
				TARGETED_DEVICE_FAMILY = "1,2";
				TEST_TARGET_NAME = Friday;
			};
			name = Debug;
		};
		D14BB3B822CCD79200EB33E6 /* Release */ = {
			isa = XCBuildConfiguration;
			buildSettings = {
				ALWAYS_EMBED_SWIFT_STANDARD_LIBRARIES = YES;
				CODE_SIGN_STYLE = Automatic;
				INFOPLIST_FILE = FridayUITests/Info.plist;
				LD_RUNPATH_SEARCH_PATHS = (
					"$(inherited)",
					"@executable_path/Frameworks",
					"@loader_path/Frameworks",
				);
				PRODUCT_BUNDLE_IDENTIFIER = com.xiaoma.FridayUITests;
				PRODUCT_NAME = "$(TARGET_NAME)";
				SWIFT_VERSION = 5.0;
				TARGETED_DEVICE_FAMILY = "1,2";
				TEST_TARGET_NAME = Friday;
			};
			name = Release;
		};
/* End XCBuildConfiguration section */

/* Begin XCConfigurationList section */
		D14BB38322CCD79000EB33E6 /* Build configuration list for PBXProject "Friday" */ = {
			isa = XCConfigurationList;
			buildConfigurations = (
				D14BB3AE22CCD79200EB33E6 /* Debug */,
				D14BB3AF22CCD79200EB33E6 /* Release */,
			);
			defaultConfigurationIsVisible = 0;
			defaultConfigurationName = Release;
		};
		D14BB3B022CCD79200EB33E6 /* Build configuration list for PBXNativeTarget "Friday" */ = {
			isa = XCConfigurationList;
			buildConfigurations = (
				D14BB3B122CCD79200EB33E6 /* Debug */,
				D14BB3B222CCD79200EB33E6 /* Release */,
			);
			defaultConfigurationIsVisible = 0;
			defaultConfigurationName = Release;
		};
		D14BB3B322CCD79200EB33E6 /* Build configuration list for PBXNativeTarget "FridayTests" */ = {
			isa = XCConfigurationList;
			buildConfigurations = (
				D14BB3B422CCD79200EB33E6 /* Debug */,
				D14BB3B522CCD79200EB33E6 /* Release */,
			);
			defaultConfigurationIsVisible = 0;
			defaultConfigurationName = Release;
		};
		D14BB3B622CCD79200EB33E6 /* Build configuration list for PBXNativeTarget "FridayUITests" */ = {
			isa = XCConfigurationList;
			buildConfigurations = (
				D14BB3B722CCD79200EB33E6 /* Debug */,
				D14BB3B822CCD79200EB33E6 /* Release */,
			);
			defaultConfigurationIsVisible = 0;
			defaultConfigurationName = Release;
		};
/* End XCConfigurationList section */
	};
	rootObject = D14BB38022CCD79000EB33E6 /* Project object */;
}
